
Microsoft Visual Studio Solution File, Format Version 12.00
# Visual Studio 2013
VisualStudioVersion = 12.0.31101.0
MinimumVisualStudioVersion = 10.0.40219.1
Project("{FAE04EC0-301F-11D3-BF4B-00C04F79EFBC}") = "OOP-Teamwork", "OOP-Teamwork\OOP-Teamwork.csproj", "{AA0F5BCE-9994-40CD-9A18-B71DBBFA7577}"
EndProject
Global
	GlobalSection(SolutionConfigurationPlatforms) = preSolution
		Debug|Any CPU = Debug|Any CPU
		Release|Any CPU = Release|Any CPU
	EndGlobalSection
	GlobalSection(ProjectConfigurationPlatforms) = postSolution
		{AA0F5BCE-9994-40CD-9A18-B71DBBFA7577}.Debug|Any CPU.ActiveCfg = Debug|Any CPU
		{AA0F5BCE-9994-40CD-9A18-B71DBBFA7577}.Debug|Any CPU.Build.0 = Debug|Any CPU
		{AA0F5BCE-9994-40CD-9A18-B71DBBFA7577}.Release|Any CPU.ActiveCfg = Release|Any CPU
		{AA0F5BCE-9994-40CD-9A18-B71DBBFA7577}.Release|Any CPU.Build.0 = Release|Any CPU
	EndGlobalSection
	GlobalSection(SolutionProperties) = preSolution
		HideSolutionNode = FALSE
	EndGlobalSection
EndGlobal
