
Microsoft Visual Studio Solution File, Format Version 12.00
# Visual Studio 2013
VisualStudioVersion = 12.0.21005.1
MinimumVisualStudioVersion = 10.0.40219.1
Project("{FAE04EC0-301F-11D3-BF4B-00C04F79EFBC}") = "Engine", "Engine\Engine.csproj", "{D4A8B7C0-D610-474B-8B7F-A9F7E6D5B57D}"
EndProject
Project("{FAE04EC0-301F-11D3-BF4B-00C04F79EFBC}") = "Game", "Game\Game.csproj", "{6E31BD56-A04B-42B1-813D-0BA8457CF4CF}"
EndProject
Global
	GlobalSection(SolutionConfigurationPlatforms) = preSolution
		Debug|Any CPU = Debug|Any CPU
		Release|Any CPU = Release|Any CPU
	EndGlobalSection
	GlobalSection(ProjectConfigurationPlatforms) = postSolution
		{D4A8B7C0-D610-474B-8B7F-A9F7E6D5B57D}.Debug|Any CPU.ActiveCfg = Debug|Any CPU
		{D4A8B7C0-D610-474B-8B7F-A9F7E6D5B57D}.Debug|Any CPU.Build.0 = Debug|Any CPU
		{D4A8B7C0-D610-474B-8B7F-A9F7E6D5B57D}.Release|Any CPU.ActiveCfg = Release|Any CPU
		{D4A8B7C0-D610-474B-8B7F-A9F7E6D5B57D}.Release|Any CPU.Build.0 = Release|Any CPU
		{6E31BD56-A04B-42B1-813D-0BA8457CF4CF}.Debug|Any CPU.ActiveCfg = Debug|Any CPU
		{6E31BD56-A04B-42B1-813D-0BA8457CF4CF}.Debug|Any CPU.Build.0 = Debug|Any CPU
		{6E31BD56-A04B-42B1-813D-0BA8457CF4CF}.Release|Any CPU.ActiveCfg = Release|Any CPU
		{6E31BD56-A04B-42B1-813D-0BA8457CF4CF}.Release|Any CPU.Build.0 = Release|Any CPU
	EndGlobalSection
	GlobalSection(SolutionProperties) = preSolution
		HideSolutionNode = FALSE
	EndGlobalSection
EndGlobal
